
Microsoft Visual Studio Solution File, Format Version 12.00
# Visual Studio 15
VisualStudioVersion = 15.0.28010.2046
MinimumVisualStudioVersion = 10.0.40219.1
Project("{8BC9CEB8-8B4A-11D0-8D11-00A0C91BC942}") = "CPU_Rasterization", "CPU_Rasterization.vcxproj", "{23C8923F-2394-44EF-BB93-5450E6B8F96F}"
EndProject
Global
	GlobalSection(SolutionConfigurationPlatforms) = preSolution
		Debug|x64 = Debug|x64
		Debug|x86 = Debug|x86
		Release|x64 = Release|x64
		Release|x86 = Release|x86
	EndGlobalSection
	GlobalSection(ProjectConfigurationPlatforms) = postSolution
		{23C8923F-2394-44EF-BB93-5450E6B8F96F}.Debug|x64.ActiveCfg = Debug|x64
		{23C8923F-2394-44EF-BB93-5450E6B8F96F}.Debug|x64.Build.0 = Debug|x64
		{23C8923F-2394-44EF-BB93-5450E6B8F96F}.Debug|x86.ActiveCfg = Debug|Win32
		{23C8923F-2394-44EF-BB93-5450E6B8F96F}.Debug|x86.Build.0 = Debug|Win32
		{23C8923F-2394-44EF-BB93-5450E6B8F96F}.Release|x64.ActiveCfg = Release|x64
		{23C8923F-2394-44EF-BB93-5450E6B8F96F}.Release|x64.Build.0 = Release|x64
		{23C8923F-2394-44EF-BB93-5450E6B8F96F}.Release|x86.ActiveCfg = Release|Win32
		{23C8923F-2394-44EF-BB93-5450E6B8F96F}.Release|x86.Build.0 = Release|Win32
	EndGlobalSection
	GlobalSection(SolutionProperties) = preSolution
		HideSolutionNode = FALSE
	EndGlobalSection
	GlobalSection(ExtensibilityGlobals) = postSolution
		SolutionGuid = {6C56C425-D375-4B3C-80B0-6BE5D3F6E5D7}
	EndGlobalSection
EndGlobal
